
Microsoft Visual Studio Solution File, Format Version 12.00
# Visual Studio Version 16
VisualStudioVersion = 16.0.29209.62
MinimumVisualStudioVersion = 10.0.40219.1
Project("{9A19103F-16F7-4668-BE54-9A1E7A4F7556}") = "Oracle.ManagedDataAccess.Extensions", "Oracle.ManagedDataAccess.Extensions\Oracle.ManagedDataAccess.Extensions.csproj", "{B9E64D29-FC23-43E8-B0CD-093A0B00F6E0}"
EndProject
Project("{9A19103F-16F7-4668-BE54-9A1E7A4F7556}") = "Oracle.ManagedDataAccess.Extensions.Tests", "Oracle.ManagedDataAccess.Extensions.Tests\Oracle.ManagedDataAccess.Extensions.Tests.csproj", "{2B209876-7B4C-4659-AA93-91A2A8EEE405}"
EndProject
Project("{2150E333-8FDC-42A3-9474-1A3956D46DE8}") = "Solution Items", "Solution Items", "{BDD0D0D4-8D28-4B43-BFD4-51B9381506C5}"
	ProjectSection(SolutionItems) = preProject
		..\azure-pipelines.yml = ..\azure-pipelines.yml
	EndProjectSection
EndProject
Project("{D954291E-2A0B-460D-934E-DC6B0785DB48}") = "Oracle.ManagedDataAccess.Extensions.Shared", "Oracle.ManagedDataAccess.Extensions.Shared\Oracle.ManagedDataAccess.Extensions.Shared.shproj", "{0C17B94B-2637-4856-8CC8-EB0F89AE19A2}"
EndProject
Project("{FAE04EC0-301F-11D3-BF4B-00C04F79EFBC}") = "Oracle.ManagedDataAccess.Extensions.Core", "Oracle.ManagedDataAccess.Extensions.Core\Oracle.ManagedDataAccess.Extensions.Core.csproj", "{5AC14BF1-8CA8-4377-944E-28E5456E2A0E}"
EndProject
Global
	GlobalSection(SharedMSBuildProjectFiles) = preSolution
		Oracle.ManagedDataAccess.Extensions.Shared\Oracle.ManagedDataAccess.Extensions.Shared.projitems*{0c17b94b-2637-4856-8cc8-eb0f89ae19a2}*SharedItemsImports = 13
	EndGlobalSection
	GlobalSection(SolutionConfigurationPlatforms) = preSolution
		Debug|Any CPU = Debug|Any CPU
		Release|Any CPU = Release|Any CPU
	EndGlobalSection
	GlobalSection(ProjectConfigurationPlatforms) = postSolution
		{B9E64D29-FC23-43E8-B0CD-093A0B00F6E0}.Debug|Any CPU.ActiveCfg = Debug|Any CPU
		{B9E64D29-FC23-43E8-B0CD-093A0B00F6E0}.Debug|Any CPU.Build.0 = Debug|Any CPU
		{B9E64D29-FC23-43E8-B0CD-093A0B00F6E0}.Release|Any CPU.ActiveCfg = Release|Any CPU
		{B9E64D29-FC23-43E8-B0CD-093A0B00F6E0}.Release|Any CPU.Build.0 = Release|Any CPU
		{2B209876-7B4C-4659-AA93-91A2A8EEE405}.Debug|Any CPU.ActiveCfg = Debug|Any CPU
		{2B209876-7B4C-4659-AA93-91A2A8EEE405}.Debug|Any CPU.Build.0 = Debug|Any CPU
		{2B209876-7B4C-4659-AA93-91A2A8EEE405}.Release|Any CPU.ActiveCfg = Release|Any CPU
		{2B209876-7B4C-4659-AA93-91A2A8EEE405}.Release|Any CPU.Build.0 = Release|Any CPU
		{5AC14BF1-8CA8-4377-944E-28E5456E2A0E}.Debug|Any CPU.ActiveCfg = Debug|Any CPU
		{5AC14BF1-8CA8-4377-944E-28E5456E2A0E}.Debug|Any CPU.Build.0 = Debug|Any CPU
		{5AC14BF1-8CA8-4377-944E-28E5456E2A0E}.Release|Any CPU.ActiveCfg = Release|Any CPU
		{5AC14BF1-8CA8-4377-944E-28E5456E2A0E}.Release|Any CPU.Build.0 = Release|Any CPU
	EndGlobalSection
	GlobalSection(SolutionProperties) = preSolution
		HideSolutionNode = FALSE
	EndGlobalSection
	GlobalSection(ExtensibilityGlobals) = postSolution
		SolutionGuid = {2B7763D9-EC23-472A-B413-34B6BA005624}
	EndGlobalSection
EndGlobal
